
Microsoft Visual Studio Solution File, Format Version 12.00
# Visual Studio Version 16
VisualStudioVersion = 16.0.808.3
MinimumVisualStudioVersion = 10.0.40219.1
Project("{FAE04EC0-301F-11D3-BF4B-00C04F79EFBC}") = "CinemaApi", "CinemaApi\CinemaApi.csproj", "{4E8F3D5D-DB62-4B22-A69C-176599FF5A15}"
EndProject
Global
	GlobalSection(SolutionConfigurationPlatforms) = preSolution
		Debug|Any CPU = Debug|Any CPU
		Release|Any CPU = Release|Any CPU
	EndGlobalSection
	GlobalSection(ProjectConfigurationPlatforms) = postSolution
		{4E8F3D5D-DB62-4B22-A69C-176599FF5A15}.Debug|Any CPU.ActiveCfg = Debug|Any CPU
		{4E8F3D5D-DB62-4B22-A69C-176599FF5A15}.Debug|Any CPU.Build.0 = Debug|Any CPU
		{4E8F3D5D-DB62-4B22-A69C-176599FF5A15}.Release|Any CPU.ActiveCfg = Release|Any CPU
		{4E8F3D5D-DB62-4B22-A69C-176599FF5A15}.Release|Any CPU.Build.0 = Release|Any CPU
	EndGlobalSection
	GlobalSection(SolutionProperties) = preSolution
		HideSolutionNode = FALSE
	EndGlobalSection
	GlobalSection(ExtensibilityGlobals) = postSolution
		SolutionGuid = {7774D18E-FD3C-48AC-B2CE-6E8576A8B310}
	EndGlobalSection
EndGlobal
